
Microsoft Visual Studio Solution File, Format Version 12.00
# Visual Studio Version 16
VisualStudioVersion = 16.0.31727.386
MinimumVisualStudioVersion = 10.0.40219.1
Project("{FAE04EC0-301F-11D3-BF4B-00C04F79EFBC}") = "web-proje", "web-proje\web-proje.csproj", "{5FB16549-E379-41D9-9ABC-E5ABE32893C2}"
EndProject
Project("{FAE04EC0-301F-11D3-BF4B-00C04F79EFBC}") = "EntityLayer", "EntityLayer\EntityLayer.csproj", "{0AB8D4CF-A06D-4A67-BAB8-2BF1DC5AFFF7}"
EndProject
Project("{FAE04EC0-301F-11D3-BF4B-00C04F79EFBC}") = "DataAccessLayer", "DataAccessLayer\DataAccessLayer.csproj", "{6CDC52A2-23C3-4716-87F5-61F07EA0DABD}"
EndProject
Project("{FAE04EC0-301F-11D3-BF4B-00C04F79EFBC}") = "BusinessLayer", "BusinessLayer\BusinessLayer.csproj", "{582267EF-24F2-4869-B813-E237C5B0BF3B}"
EndProject
Project("{FAE04EC0-301F-11D3-BF4B-00C04F79EFBC}") = "CoreLayer", "CoreLayer\CoreLayer.csproj", "{B0790181-95E1-4874-947D-6F1975A2E8BE}"
EndProject
Global
	GlobalSection(SolutionConfigurationPlatforms) = preSolution
		Debug|Any CPU = Debug|Any CPU
		Release|Any CPU = Release|Any CPU
	EndGlobalSection
	GlobalSection(ProjectConfigurationPlatforms) = postSolution
		{5FB16549-E379-41D9-9ABC-E5ABE32893C2}.Debug|Any CPU.ActiveCfg = Debug|Any CPU
		{5FB16549-E379-41D9-9ABC-E5ABE32893C2}.Debug|Any CPU.Build.0 = Debug|Any CPU
		{5FB16549-E379-41D9-9ABC-E5ABE32893C2}.Release|Any CPU.ActiveCfg = Release|Any CPU
		{5FB16549-E379-41D9-9ABC-E5ABE32893C2}.Release|Any CPU.Build.0 = Release|Any CPU
		{0AB8D4CF-A06D-4A67-BAB8-2BF1DC5AFFF7}.Debug|Any CPU.ActiveCfg = Debug|Any CPU
		{0AB8D4CF-A06D-4A67-BAB8-2BF1DC5AFFF7}.Debug|Any CPU.Build.0 = Debug|Any CPU
		{0AB8D4CF-A06D-4A67-BAB8-2BF1DC5AFFF7}.Release|Any CPU.ActiveCfg = Release|Any CPU
		{0AB8D4CF-A06D-4A67-BAB8-2BF1DC5AFFF7}.Release|Any CPU.Build.0 = Release|Any CPU
		{6CDC52A2-23C3-4716-87F5-61F07EA0DABD}.Debug|Any CPU.ActiveCfg = Debug|Any CPU
		{6CDC52A2-23C3-4716-87F5-61F07EA0DABD}.Debug|Any CPU.Build.0 = Debug|Any CPU
		{6CDC52A2-23C3-4716-87F5-61F07EA0DABD}.Release|Any CPU.ActiveCfg = Release|Any CPU
		{6CDC52A2-23C3-4716-87F5-61F07EA0DABD}.Release|Any CPU.Build.0 = Release|Any CPU
		{582267EF-24F2-4869-B813-E237C5B0BF3B}.Debug|Any CPU.ActiveCfg = Debug|Any CPU
		{582267EF-24F2-4869-B813-E237C5B0BF3B}.Debug|Any CPU.Build.0 = Debug|Any CPU
		{582267EF-24F2-4869-B813-E237C5B0BF3B}.Release|Any CPU.ActiveCfg = Release|Any CPU
		{582267EF-24F2-4869-B813-E237C5B0BF3B}.Release|Any CPU.Build.0 = Release|Any CPU
		{B0790181-95E1-4874-947D-6F1975A2E8BE}.Debug|Any CPU.ActiveCfg = Debug|Any CPU
		{B0790181-95E1-4874-947D-6F1975A2E8BE}.Debug|Any CPU.Build.0 = Debug|Any CPU
		{B0790181-95E1-4874-947D-6F1975A2E8BE}.Release|Any CPU.ActiveCfg = Release|Any CPU
		{B0790181-95E1-4874-947D-6F1975A2E8BE}.Release|Any CPU.Build.0 = Release|Any CPU
	EndGlobalSection
	GlobalSection(SolutionProperties) = preSolution
		HideSolutionNode = FALSE
	EndGlobalSection
	GlobalSection(ExtensibilityGlobals) = postSolution
		SolutionGuid = {C651656D-2CB4-4232-AA02-658078FC2146}
	EndGlobalSection
EndGlobal
